
Microsoft Visual Studio Solution File, Format Version 12.00
# Visual Studio 15
VisualStudioVersion = 15.0.27130.2036
MinimumVisualStudioVersion = 10.0.40219.1
Project("{7CF6DF6D-3B04-46F8-A40B-537D21BCA0B4}") = "WolfGamesSiteDocumentation", "WolfGamesSiteDocumentation\WolfGamesSiteDocumentation.shfbproj", "{09E4FD0C-E1F1-4264-8318-6B3F4471826C}"
EndProject
Project("{7CF6DF6D-3B04-46F8-A40B-537D21BCA0B4}") = "WolfGamesGenericCodeDocumentation", "WolfGamesGenericCodeDocumentation\WolfGamesGenericCodeDocumentation.shfbproj", "{813DD4AA-3D2D-4B42-8BF1-AA9B8864F05F}"
EndProject
Project("{7CF6DF6D-3B04-46F8-A40B-537D21BCA0B4}") = "WolfGamesUnityAppsDocumentation", "MarbleMotionGameDocumentation\WolfGamesUnityAppsDocumentation.shfbproj", "{0D3185CE-80DC-4ED9-8CAB-120AB3A8A0F4}"
EndProject
Global
	GlobalSection(SolutionConfigurationPlatforms) = preSolution
		Debug|Any CPU = Debug|Any CPU
		Release|Any CPU = Release|Any CPU
	EndGlobalSection
	GlobalSection(ProjectConfigurationPlatforms) = postSolution
		{09E4FD0C-E1F1-4264-8318-6B3F4471826C}.Debug|Any CPU.ActiveCfg = Debug|Any CPU
		{09E4FD0C-E1F1-4264-8318-6B3F4471826C}.Debug|Any CPU.Build.0 = Debug|Any CPU
		{09E4FD0C-E1F1-4264-8318-6B3F4471826C}.Release|Any CPU.ActiveCfg = Release|Any CPU
		{09E4FD0C-E1F1-4264-8318-6B3F4471826C}.Release|Any CPU.Build.0 = Release|Any CPU
		{813DD4AA-3D2D-4B42-8BF1-AA9B8864F05F}.Debug|Any CPU.ActiveCfg = Debug|Any CPU
		{813DD4AA-3D2D-4B42-8BF1-AA9B8864F05F}.Debug|Any CPU.Build.0 = Debug|Any CPU
		{813DD4AA-3D2D-4B42-8BF1-AA9B8864F05F}.Release|Any CPU.ActiveCfg = Release|Any CPU
		{813DD4AA-3D2D-4B42-8BF1-AA9B8864F05F}.Release|Any CPU.Build.0 = Release|Any CPU
		{0D3185CE-80DC-4ED9-8CAB-120AB3A8A0F4}.Debug|Any CPU.ActiveCfg = Debug|Any CPU
		{0D3185CE-80DC-4ED9-8CAB-120AB3A8A0F4}.Debug|Any CPU.Build.0 = Debug|Any CPU
		{0D3185CE-80DC-4ED9-8CAB-120AB3A8A0F4}.Release|Any CPU.ActiveCfg = Release|Any CPU
		{0D3185CE-80DC-4ED9-8CAB-120AB3A8A0F4}.Release|Any CPU.Build.0 = Release|Any CPU
	EndGlobalSection
	GlobalSection(SolutionProperties) = preSolution
		HideSolutionNode = FALSE
	EndGlobalSection
	GlobalSection(ExtensibilityGlobals) = postSolution
		SolutionGuid = {0603BD4B-E18C-4CBC-B640-FE1BDD4830B7}
	EndGlobalSection
EndGlobal
